<?xml version="1.0"?>
<CONFIG>
  <ProjectOptions>
    <Version Value="9"/>
    <PathDelim Value="\"/>
    <General>
      <MainUnit Value="0"/>
      <ResourceType Value="res"/>
      <UseXPManifest Value="True"/>
      <Icon Value="0"/>
      <ActiveWindowIndexAtStart Value="0"/>
    </General>
    <i18n>
      <EnableI18N LFM="False"/>
    </i18n>
    <VersionInfo>
      <StringTable ProductVersion=""/>
    </VersionInfo>
    <BuildModes Count="1" Active="Default">
      <Item1 Name="Default" Default="True"/>
    </BuildModes>
    <PublishOptions>
      <Version Value="2"/>
      <IncludeFileFilter Value="*.(pas|pp|inc|lfm|lpr|lrs|lpi|lpk|sh|xml)"/>
      <ExcludeFileFilter Value="*.(bak|ppu|o|so);*~;backup"/>
    </PublishOptions>
    <RunParams>
      <local>
        <FormatVersion Value="1"/>
      </local>
    </RunParams>
    <RequiredPackages Count="1">
      <Item1>
        <PackageName Value="LCL"/>
      </Item1>
    </RequiredPackages>
    <Units Count="10">
      <Unit0>
        <Filename Value="pexeso.lpr"/>
        <IsPartOfProject Value="True"/>
        <UnitName Value="pexeso"/>
        <UsageCount Value="60"/>
      </Unit0>
      <Unit1>
        <Filename Value="pekseso.pas"/>
        <IsPartOfProject Value="True"/>
        <ComponentName Value="Form1"/>
        <ResourceBaseClass Value="Form"/>
        <UnitName Value="pekseso"/>
        <IsVisibleTab Value="True"/>
        <EditorIndex Value="0"/>
        <WindowIndex Value="0"/>
        <TopLine Value="66"/>
        <CursorPos X="44" Y="203"/>
        <UsageCount Value="60"/>
        <Loaded Value="True"/>
        <LoadedDesigner Value="True"/>
      </Unit1>
      <Unit2>
        <Filename Value="gameunit.pas"/>
        <IsPartOfProject Value="True"/>
        <UnitName Value="GameUnit"/>
        <EditorIndex Value="1"/>
        <WindowIndex Value="0"/>
        <TopLine Value="32"/>
        <CursorPos X="51" Y="95"/>
        <UsageCount Value="60"/>
        <Loaded Value="True"/>
      </Unit2>
      <Unit3>
        <Filename Value="settingunit.pas"/>
        <IsPartOfProject Value="True"/>
        <UnitName Value="SettingUnit"/>
        <EditorIndex Value="2"/>
        <WindowIndex Value="0"/>
        <TopLine Value="2"/>
        <CursorPos X="5" Y="16"/>
        <UsageCount Value="60"/>
        <Loaded Value="True"/>
      </Unit3>
      <Unit4>
        <Filename Value="C:\lazarus\lcl\graphics.pp"/>
        <UnitName Value="Graphics"/>
        <WindowIndex Value="0"/>
        <TopLine Value="1126"/>
        <CursorPos X="15" Y="1139"/>
        <UsageCount Value="7"/>
      </Unit4>
      <Unit5>
        <Filename Value="C:\lazarus\lcl\include\canvas.inc"/>
        <WindowIndex Value="0"/>
        <TopLine Value="25"/>
        <CursorPos X="1" Y="31"/>
        <UsageCount Value="9"/>
      </Unit5>
      <Unit6>
        <Filename Value="C:\lazarus\fpc\2.4.2\source\rtl\objpas\sysutils\sysstrh.inc"/>
        <WindowIndex Value="0"/>
        <TopLine Value="205"/>
        <CursorPos X="10" Y="218"/>
        <UsageCount Value="10"/>
      </Unit6>
      <Unit7>
        <Filename Value="C:\lazarus\lcl\include\control.inc"/>
        <WindowIndex Value="0"/>
        <TopLine Value="3176"/>
        <CursorPos X="46" Y="3176"/>
        <UsageCount Value="10"/>
      </Unit7>
      <Unit8>
        <Filename Value="C:\lazarus\lcl\extctrls.pp"/>
        <UnitName Value="ExtCtrls"/>
        <WindowIndex Value="0"/>
        <TopLine Value="443"/>
        <CursorPos X="3" Y="456"/>
        <UsageCount Value="10"/>
      </Unit8>
      <Unit9>
        <Filename Value="C:\lazarus\lcl\include\graphic.inc"/>
        <WindowIndex Value="0"/>
        <TopLine Value="235"/>
        <CursorPos X="1" Y="248"/>
        <UsageCount Value="10"/>
      </Unit9>
    </Units>
    <JumpHistory Count="30" HistoryIndex="29">
      <Position1>
        <Filename Value="pekseso.pas"/>
        <Caret Line="60" Column="3" TopLine="37"/>
      </Position1>
      <Position2>
        <Filename Value="pekseso.pas"/>
        <Caret Line="126" Column="15" TopLine="113"/>
      </Position2>
      <Position3>
        <Filename Value="pekseso.pas"/>
        <Caret Line="152" Column="8" TopLine="149"/>
      </Position3>
      <Position4>
        <Filename Value="pekseso.pas"/>
        <Caret Line="11" Column="16" TopLine="1"/>
      </Position4>
      <Position5>
        <Filename Value="pekseso.pas"/>
        <Caret Line="154" Column="44" TopLine="132"/>
      </Position5>
      <Position6>
        <Filename Value="pekseso.pas"/>
        <Caret Line="153" Column="29" TopLine="139"/>
      </Position6>
      <Position7>
        <Filename Value="pekseso.pas"/>
        <Caret Line="233" Column="54" TopLine="207"/>
      </Position7>
      <Position8>
        <Filename Value="pekseso.pas"/>
        <Caret Line="84" Column="4" TopLine="65"/>
      </Position8>
      <Position9>
        <Filename Value="pekseso.pas"/>
        <Caret Line="301" Column="16" TopLine="286"/>
      </Position9>
      <Position10>
        <Filename Value="pekseso.pas"/>
        <Caret Line="288" Column="19" TopLine="279"/>
      </Position10>
      <Position11>
        <Filename Value="pekseso.pas"/>
        <Caret Line="322" Column="7" TopLine="316"/>
      </Position11>
      <Position12>
        <Filename Value="pekseso.pas"/>
        <Caret Line="323" Column="27" TopLine="312"/>
      </Position12>
      <Position13>
        <Filename Value="pekseso.pas"/>
        <Caret Line="33" Column="16" TopLine="22"/>
      </Position13>
      <Position14>
        <Filename Value="pekseso.pas"/>
        <Caret Line="194" Column="24" TopLine="186"/>
      </Position14>
      <Position15>
        <Filename Value="pekseso.pas"/>
        <Caret Line="195" Column="24" TopLine="187"/>
      </Position15>
      <Position16>
        <Filename Value="pekseso.pas"/>
        <Caret Line="287" Column="14" TopLine="281"/>
      </Position16>
      <Position17>
        <Filename Value="pekseso.pas"/>
        <Caret Line="289" Column="14" TopLine="283"/>
      </Position17>
      <Position18>
        <Filename Value="pekseso.pas"/>
        <Caret Line="352" Column="17" TopLine="330"/>
      </Position18>
      <Position19>
        <Filename Value="pekseso.pas"/>
        <Caret Line="353" Column="11" TopLine="331"/>
      </Position19>
      <Position20>
        <Filename Value="pekseso.pas"/>
        <Caret Line="354" Column="35" TopLine="333"/>
      </Position20>
      <Position21>
        <Filename Value="pekseso.pas"/>
        <Caret Line="359" Column="1" TopLine="333"/>
      </Position21>
      <Position22>
        <Filename Value="pekseso.pas"/>
        <Caret Line="285" Column="9" TopLine="279"/>
      </Position22>
      <Position23>
        <Filename Value="pekseso.pas"/>
        <Caret Line="284" Column="9" TopLine="278"/>
      </Position23>
      <Position24>
        <Filename Value="pekseso.pas"/>
        <Caret Line="283" Column="9" TopLine="277"/>
      </Position24>
      <Position25>
        <Filename Value="pekseso.pas"/>
        <Caret Line="282" Column="9" TopLine="276"/>
      </Position25>
      <Position26>
        <Filename Value="pekseso.pas"/>
        <Caret Line="203" Column="28" TopLine="187"/>
      </Position26>
      <Position27>
        <Filename Value="pekseso.pas"/>
        <Caret Line="341" Column="5" TopLine="318"/>
      </Position27>
      <Position28>
        <Filename Value="pekseso.pas"/>
        <Caret Line="84" Column="7" TopLine="70"/>
      </Position28>
      <Position29>
        <Filename Value="pekseso.pas"/>
        <Caret Line="77" Column="25" TopLine="69"/>
      </Position29>
      <Position30>
        <Filename Value="pekseso.pas"/>
        <Caret Line="194" Column="40" TopLine="185"/>
      </Position30>
    </JumpHistory>
  </ProjectOptions>
  <CompilerOptions>
    <Version Value="9"/>
    <PathDelim Value="\"/>
    <Target>
      <Filename Value="pexeso"/>
    </Target>
    <SearchPaths>
      <IncludeFiles Value="$(ProjOutDir)"/>
      <UnitOutputDirectory Value="lib\$(TargetCPU)-$(TargetOS)"/>
    </SearchPaths>
    <CodeGeneration>
      <Checks>
        <IOChecks Value="True"/>
        <RangeChecks Value="True"/>
        <OverflowChecks Value="True"/>
        <StackChecks Value="True"/>
      </Checks>
      <VerifyObjMethodCallValidity Value="True"/>
    </CodeGeneration>
    <Linking>
      <Options>
        <Win32>
          <GraphicApplication Value="True"/>
        </Win32>
      </Options>
    </Linking>
    <Other>
      <CompilerMessages>
        <UseMsgFile Value="True"/>
      </CompilerMessages>
      <CompilerPath Value="$(CompPath)"/>
    </Other>
  </CompilerOptions>
  <Debugging>
    <Exceptions Count="3">
      <Item1>
        <Name Value="EAbort"/>
      </Item1>
      <Item2>
        <Name Value="ECodetoolError"/>
      </Item2>
      <Item3>
        <Name Value="EFOpenError"/>
      </Item3>
    </Exceptions>
  </Debugging>
</CONFIG>
